
Microsoft Visual Studio Solution File, Format Version 12.00
# Visual Studio Version 17
VisualStudioVersion = 17.5.33516.290
MinimumVisualStudioVersion = 10.0.40219.1
Project("{FAE04EC0-301F-11D3-BF4B-00C04F79EFBC}") = "ExtractGooglePhotosTakeout", "ExtractGooglePhotosTakeout.csproj", "{61754AF3-0EA1-4FFB-9344-104F5DB3FBFF}"
EndProject
Global
	GlobalSection(SolutionConfigurationPlatforms) = preSolution
		Debug|Any CPU = Debug|Any CPU
		Release|Any CPU = Release|Any CPU
	EndGlobalSection
	GlobalSection(ProjectConfigurationPlatforms) = postSolution
		{61754AF3-0EA1-4FFB-9344-104F5DB3FBFF}.Debug|Any CPU.ActiveCfg = Debug|Any CPU
		{61754AF3-0EA1-4FFB-9344-104F5DB3FBFF}.Debug|Any CPU.Build.0 = Debug|Any CPU
		{61754AF3-0EA1-4FFB-9344-104F5DB3FBFF}.Release|Any CPU.ActiveCfg = Release|Any CPU
		{61754AF3-0EA1-4FFB-9344-104F5DB3FBFF}.Release|Any CPU.Build.0 = Release|Any CPU
	EndGlobalSection
	GlobalSection(SolutionProperties) = preSolution
		HideSolutionNode = FALSE
	EndGlobalSection
	GlobalSection(ExtensibilityGlobals) = postSolution
		SolutionGuid = {CB943FB8-D483-4B54-B8AD-E3BB4CBD92B8}
	EndGlobalSection
EndGlobal
